
Microsoft Visual Studio Solution File, Format Version 12.00
# Visual Studio Version 16
VisualStudioVersion = 16.0.29728.190
MinimumVisualStudioVersion = 10.0.40219.1
Project("{FAE04EC0-301F-11D3-BF4B-00C04F79EFBC}") = "Client", "Client\Client.csproj", "{CE91D7D8-B284-49DF-8690-5E7071CEC0DC}"
EndProject
Project("{FAE04EC0-301F-11D3-BF4B-00C04F79EFBC}") = "Server", "Server\Server.csproj", "{A754D885-DA97-4ED1-835A-AEB3160DBD46}"
EndProject
Project("{FAE04EC0-301F-11D3-BF4B-00C04F79EFBC}") = "ClientExtented", "..\Djoe-ClientExtented\ClientExtented.csproj", "{9170A087-8388-43D5-A613-FF534DADF53F}"
EndProject
Project("{FAE04EC0-301F-11D3-BF4B-00C04F79EFBC}") = "Shared", "Shared\Shared.csproj", "{DB535E03-7E22-47D2-A3F5-19E593F54D13}"
EndProject
Project("{FAE04EC0-301F-11D3-BF4B-00C04F79EFBC}") = "Inventory", "..\Djoe-Inventory\Inventory.csproj", "{5C99C041-F67E-4E82-8AC1-45DD75752FBF}"
EndProject
Project("{FAE04EC0-301F-11D3-BF4B-00C04F79EFBC}") = "WheelInteract", "..\WheelInteract\WheelInteract.csproj", "{A9ECEC5A-8353-40B0-ADDC-E1DC1D8C024E}"
EndProject
Project("{FAE04EC0-301F-11D3-BF4B-00C04F79EFBC}") = "DjoeDev", "..\DjoeDev\DjoeDev.csproj", "{D8C4E8F8-613F-4EBE-AB9A-D8CE6FBA4F29}"
EndProject
Project("{9A19103F-16F7-4668-BE54-9A1E7A4F7556}") = "MenuAPI", "..\MenuAPI\MenuAPI\MenuAPI.csproj", "{DF7FBBB9-7D8B-4249-9F9F-C404DBB841BC}"
EndProject
Global
	GlobalSection(SolutionConfigurationPlatforms) = preSolution
		Debug FiveM|Any CPU = Debug FiveM|Any CPU
		Debug FiveM|x64 = Debug FiveM|x64
		Debug RedM|Any CPU = Debug RedM|Any CPU
		Debug RedM|x64 = Debug RedM|x64
		Debug|Any CPU = Debug|Any CPU
		Debug|x64 = Debug|x64
		Release FiveM|Any CPU = Release FiveM|Any CPU
		Release FiveM|x64 = Release FiveM|x64
		Release RedM|Any CPU = Release RedM|Any CPU
		Release RedM|x64 = Release RedM|x64
		Release|Any CPU = Release|Any CPU
		Release|x64 = Release|x64
	EndGlobalSection
	GlobalSection(ProjectConfigurationPlatforms) = postSolution
		{CE91D7D8-B284-49DF-8690-5E7071CEC0DC}.Debug FiveM|Any CPU.ActiveCfg = Debug|Any CPU
		{CE91D7D8-B284-49DF-8690-5E7071CEC0DC}.Debug FiveM|Any CPU.Build.0 = Debug|Any CPU
		{CE91D7D8-B284-49DF-8690-5E7071CEC0DC}.Debug FiveM|x64.ActiveCfg = Debug|Any CPU
		{CE91D7D8-B284-49DF-8690-5E7071CEC0DC}.Debug FiveM|x64.Build.0 = Debug|Any CPU
		{CE91D7D8-B284-49DF-8690-5E7071CEC0DC}.Debug RedM|Any CPU.ActiveCfg = Debug|Any CPU
		{CE91D7D8-B284-49DF-8690-5E7071CEC0DC}.Debug RedM|Any CPU.Build.0 = Debug|Any CPU
		{CE91D7D8-B284-49DF-8690-5E7071CEC0DC}.Debug RedM|x64.ActiveCfg = Debug|Any CPU
		{CE91D7D8-B284-49DF-8690-5E7071CEC0DC}.Debug RedM|x64.Build.0 = Debug|Any CPU
		{CE91D7D8-B284-49DF-8690-5E7071CEC0DC}.Debug|Any CPU.ActiveCfg = Debug|Any CPU
		{CE91D7D8-B284-49DF-8690-5E7071CEC0DC}.Debug|Any CPU.Build.0 = Debug|Any CPU
		{CE91D7D8-B284-49DF-8690-5E7071CEC0DC}.Debug|x64.ActiveCfg = Debug|Any CPU
		{CE91D7D8-B284-49DF-8690-5E7071CEC0DC}.Debug|x64.Build.0 = Debug|Any CPU
		{CE91D7D8-B284-49DF-8690-5E7071CEC0DC}.Release FiveM|Any CPU.ActiveCfg = Release|Any CPU
		{CE91D7D8-B284-49DF-8690-5E7071CEC0DC}.Release FiveM|Any CPU.Build.0 = Release|Any CPU
		{CE91D7D8-B284-49DF-8690-5E7071CEC0DC}.Release FiveM|x64.ActiveCfg = Release|Any CPU
		{CE91D7D8-B284-49DF-8690-5E7071CEC0DC}.Release FiveM|x64.Build.0 = Release|Any CPU
		{CE91D7D8-B284-49DF-8690-5E7071CEC0DC}.Release RedM|Any CPU.ActiveCfg = Release|Any CPU
		{CE91D7D8-B284-49DF-8690-5E7071CEC0DC}.Release RedM|Any CPU.Build.0 = Release|Any CPU
		{CE91D7D8-B284-49DF-8690-5E7071CEC0DC}.Release RedM|x64.ActiveCfg = Release|Any CPU
		{CE91D7D8-B284-49DF-8690-5E7071CEC0DC}.Release RedM|x64.Build.0 = Release|Any CPU
		{CE91D7D8-B284-49DF-8690-5E7071CEC0DC}.Release|Any CPU.ActiveCfg = Release|Any CPU
		{CE91D7D8-B284-49DF-8690-5E7071CEC0DC}.Release|Any CPU.Build.0 = Release|Any CPU
		{CE91D7D8-B284-49DF-8690-5E7071CEC0DC}.Release|x64.ActiveCfg = Release|Any CPU
		{CE91D7D8-B284-49DF-8690-5E7071CEC0DC}.Release|x64.Build.0 = Release|Any CPU
		{A754D885-DA97-4ED1-835A-AEB3160DBD46}.Debug FiveM|Any CPU.ActiveCfg = Debug|Any CPU
		{A754D885-DA97-4ED1-835A-AEB3160DBD46}.Debug FiveM|Any CPU.Build.0 = Debug|Any CPU
		{A754D885-DA97-4ED1-835A-AEB3160DBD46}.Debug FiveM|x64.ActiveCfg = Debug|Any CPU
		{A754D885-DA97-4ED1-835A-AEB3160DBD46}.Debug FiveM|x64.Build.0 = Debug|Any CPU
		{A754D885-DA97-4ED1-835A-AEB3160DBD46}.Debug RedM|Any CPU.ActiveCfg = Debug|Any CPU
		{A754D885-DA97-4ED1-835A-AEB3160DBD46}.Debug RedM|Any CPU.Build.0 = Debug|Any CPU
		{A754D885-DA97-4ED1-835A-AEB3160DBD46}.Debug RedM|x64.ActiveCfg = Debug|Any CPU
		{A754D885-DA97-4ED1-835A-AEB3160DBD46}.Debug RedM|x64.Build.0 = Debug|Any CPU
		{A754D885-DA97-4ED1-835A-AEB3160DBD46}.Debug|Any CPU.ActiveCfg = Debug|Any CPU
		{A754D885-DA97-4ED1-835A-AEB3160DBD46}.Debug|Any CPU.Build.0 = Debug|Any CPU
		{A754D885-DA97-4ED1-835A-AEB3160DBD46}.Debug|x64.ActiveCfg = Debug|Any CPU
		{A754D885-DA97-4ED1-835A-AEB3160DBD46}.Debug|x64.Build.0 = Debug|Any CPU
		{A754D885-DA97-4ED1-835A-AEB3160DBD46}.Release FiveM|Any CPU.ActiveCfg = Release|Any CPU
		{A754D885-DA97-4ED1-835A-AEB3160DBD46}.Release FiveM|Any CPU.Build.0 = Release|Any CPU
		{A754D885-DA97-4ED1-835A-AEB3160DBD46}.Release FiveM|x64.ActiveCfg = Release|Any CPU
		{A754D885-DA97-4ED1-835A-AEB3160DBD46}.Release FiveM|x64.Build.0 = Release|Any CPU
		{A754D885-DA97-4ED1-835A-AEB3160DBD46}.Release RedM|Any CPU.ActiveCfg = Release|Any CPU
		{A754D885-DA97-4ED1-835A-AEB3160DBD46}.Release RedM|Any CPU.Build.0 = Release|Any CPU
		{A754D885-DA97-4ED1-835A-AEB3160DBD46}.Release RedM|x64.ActiveCfg = Release|Any CPU
		{A754D885-DA97-4ED1-835A-AEB3160DBD46}.Release RedM|x64.Build.0 = Release|Any CPU
		{A754D885-DA97-4ED1-835A-AEB3160DBD46}.Release|Any CPU.ActiveCfg = Release|Any CPU
		{A754D885-DA97-4ED1-835A-AEB3160DBD46}.Release|Any CPU.Build.0 = Release|Any CPU
		{A754D885-DA97-4ED1-835A-AEB3160DBD46}.Release|x64.ActiveCfg = Release|Any CPU
		{A754D885-DA97-4ED1-835A-AEB3160DBD46}.Release|x64.Build.0 = Release|Any CPU
		{9170A087-8388-43D5-A613-FF534DADF53F}.Debug FiveM|Any CPU.ActiveCfg = Debug|Any CPU
		{9170A087-8388-43D5-A613-FF534DADF53F}.Debug FiveM|Any CPU.Build.0 = Debug|Any CPU
		{9170A087-8388-43D5-A613-FF534DADF53F}.Debug FiveM|x64.ActiveCfg = Debug|Any CPU
		{9170A087-8388-43D5-A613-FF534DADF53F}.Debug FiveM|x64.Build.0 = Debug|Any CPU
		{9170A087-8388-43D5-A613-FF534DADF53F}.Debug RedM|Any CPU.ActiveCfg = Debug|Any CPU
		{9170A087-8388-43D5-A613-FF534DADF53F}.Debug RedM|Any CPU.Build.0 = Debug|Any CPU
		{9170A087-8388-43D5-A613-FF534DADF53F}.Debug RedM|x64.ActiveCfg = Debug|Any CPU
		{9170A087-8388-43D5-A613-FF534DADF53F}.Debug RedM|x64.Build.0 = Debug|Any CPU
		{9170A087-8388-43D5-A613-FF534DADF53F}.Debug|Any CPU.ActiveCfg = Debug|Any CPU
		{9170A087-8388-43D5-A613-FF534DADF53F}.Debug|Any CPU.Build.0 = Debug|Any CPU
		{9170A087-8388-43D5-A613-FF534DADF53F}.Debug|x64.ActiveCfg = Debug|Any CPU
		{9170A087-8388-43D5-A613-FF534DADF53F}.Debug|x64.Build.0 = Debug|Any CPU
		{9170A087-8388-43D5-A613-FF534DADF53F}.Release FiveM|Any CPU.ActiveCfg = Release|Any CPU
		{9170A087-8388-43D5-A613-FF534DADF53F}.Release FiveM|Any CPU.Build.0 = Release|Any CPU
		{9170A087-8388-43D5-A613-FF534DADF53F}.Release FiveM|x64.ActiveCfg = Release|Any CPU
		{9170A087-8388-43D5-A613-FF534DADF53F}.Release FiveM|x64.Build.0 = Release|Any CPU
		{9170A087-8388-43D5-A613-FF534DADF53F}.Release RedM|Any CPU.ActiveCfg = Release|Any CPU
		{9170A087-8388-43D5-A613-FF534DADF53F}.Release RedM|Any CPU.Build.0 = Release|Any CPU
		{9170A087-8388-43D5-A613-FF534DADF53F}.Release RedM|x64.ActiveCfg = Release|Any CPU
		{9170A087-8388-43D5-A613-FF534DADF53F}.Release RedM|x64.Build.0 = Release|Any CPU
		{9170A087-8388-43D5-A613-FF534DADF53F}.Release|Any CPU.ActiveCfg = Release|Any CPU
		{9170A087-8388-43D5-A613-FF534DADF53F}.Release|Any CPU.Build.0 = Release|Any CPU
		{9170A087-8388-43D5-A613-FF534DADF53F}.Release|x64.ActiveCfg = Release|Any CPU
		{9170A087-8388-43D5-A613-FF534DADF53F}.Release|x64.Build.0 = Release|Any CPU
		{DB535E03-7E22-47D2-A3F5-19E593F54D13}.Debug FiveM|Any CPU.ActiveCfg = Debug|Any CPU
		{DB535E03-7E22-47D2-A3F5-19E593F54D13}.Debug FiveM|Any CPU.Build.0 = Debug|Any CPU
		{DB535E03-7E22-47D2-A3F5-19E593F54D13}.Debug FiveM|x64.ActiveCfg = Debug|Any CPU
		{DB535E03-7E22-47D2-A3F5-19E593F54D13}.Debug FiveM|x64.Build.0 = Debug|Any CPU
		{DB535E03-7E22-47D2-A3F5-19E593F54D13}.Debug RedM|Any CPU.ActiveCfg = Debug|Any CPU
		{DB535E03-7E22-47D2-A3F5-19E593F54D13}.Debug RedM|Any CPU.Build.0 = Debug|Any CPU
		{DB535E03-7E22-47D2-A3F5-19E593F54D13}.Debug RedM|x64.ActiveCfg = Debug|Any CPU
		{DB535E03-7E22-47D2-A3F5-19E593F54D13}.Debug RedM|x64.Build.0 = Debug|Any CPU
		{DB535E03-7E22-47D2-A3F5-19E593F54D13}.Debug|Any CPU.ActiveCfg = Debug|Any CPU
		{DB535E03-7E22-47D2-A3F5-19E593F54D13}.Debug|Any CPU.Build.0 = Debug|Any CPU
		{DB535E03-7E22-47D2-A3F5-19E593F54D13}.Debug|x64.ActiveCfg = Debug|Any CPU
		{DB535E03-7E22-47D2-A3F5-19E593F54D13}.Debug|x64.Build.0 = Debug|Any CPU
		{DB535E03-7E22-47D2-A3F5-19E593F54D13}.Release FiveM|Any CPU.ActiveCfg = Release|Any CPU
		{DB535E03-7E22-47D2-A3F5-19E593F54D13}.Release FiveM|Any CPU.Build.0 = Release|Any CPU
		{DB535E03-7E22-47D2-A3F5-19E593F54D13}.Release FiveM|x64.ActiveCfg = Release|Any CPU
		{DB535E03-7E22-47D2-A3F5-19E593F54D13}.Release FiveM|x64.Build.0 = Release|Any CPU
		{DB535E03-7E22-47D2-A3F5-19E593F54D13}.Release RedM|Any CPU.ActiveCfg = Release|Any CPU
		{DB535E03-7E22-47D2-A3F5-19E593F54D13}.Release RedM|Any CPU.Build.0 = Release|Any CPU
		{DB535E03-7E22-47D2-A3F5-19E593F54D13}.Release RedM|x64.ActiveCfg = Release|Any CPU
		{DB535E03-7E22-47D2-A3F5-19E593F54D13}.Release RedM|x64.Build.0 = Release|Any CPU
		{DB535E03-7E22-47D2-A3F5-19E593F54D13}.Release|Any CPU.ActiveCfg = Release|Any CPU
		{DB535E03-7E22-47D2-A3F5-19E593F54D13}.Release|Any CPU.Build.0 = Release|Any CPU
		{DB535E03-7E22-47D2-A3F5-19E593F54D13}.Release|x64.ActiveCfg = Release|Any CPU
		{DB535E03-7E22-47D2-A3F5-19E593F54D13}.Release|x64.Build.0 = Release|Any CPU
		{5C99C041-F67E-4E82-8AC1-45DD75752FBF}.Debug FiveM|Any CPU.ActiveCfg = Debug|Any CPU
		{5C99C041-F67E-4E82-8AC1-45DD75752FBF}.Debug FiveM|Any CPU.Build.0 = Debug|Any CPU
		{5C99C041-F67E-4E82-8AC1-45DD75752FBF}.Debug FiveM|x64.ActiveCfg = Debug|x64
		{5C99C041-F67E-4E82-8AC1-45DD75752FBF}.Debug FiveM|x64.Build.0 = Debug|x64
		{5C99C041-F67E-4E82-8AC1-45DD75752FBF}.Debug RedM|Any CPU.ActiveCfg = Debug|Any CPU
		{5C99C041-F67E-4E82-8AC1-45DD75752FBF}.Debug RedM|Any CPU.Build.0 = Debug|Any CPU
		{5C99C041-F67E-4E82-8AC1-45DD75752FBF}.Debug RedM|x64.ActiveCfg = Debug|x64
		{5C99C041-F67E-4E82-8AC1-45DD75752FBF}.Debug RedM|x64.Build.0 = Debug|x64
		{5C99C041-F67E-4E82-8AC1-45DD75752FBF}.Debug|Any CPU.ActiveCfg = Debug|Any CPU
		{5C99C041-F67E-4E82-8AC1-45DD75752FBF}.Debug|Any CPU.Build.0 = Debug|Any CPU
		{5C99C041-F67E-4E82-8AC1-45DD75752FBF}.Debug|x64.ActiveCfg = Debug|x64
		{5C99C041-F67E-4E82-8AC1-45DD75752FBF}.Debug|x64.Build.0 = Debug|x64
		{5C99C041-F67E-4E82-8AC1-45DD75752FBF}.Release FiveM|Any CPU.ActiveCfg = Release|Any CPU
		{5C99C041-F67E-4E82-8AC1-45DD75752FBF}.Release FiveM|Any CPU.Build.0 = Release|Any CPU
		{5C99C041-F67E-4E82-8AC1-45DD75752FBF}.Release FiveM|x64.ActiveCfg = Release|x64
		{5C99C041-F67E-4E82-8AC1-45DD75752FBF}.Release FiveM|x64.Build.0 = Release|x64
		{5C99C041-F67E-4E82-8AC1-45DD75752FBF}.Release RedM|Any CPU.ActiveCfg = Release|Any CPU
		{5C99C041-F67E-4E82-8AC1-45DD75752FBF}.Release RedM|Any CPU.Build.0 = Release|Any CPU
		{5C99C041-F67E-4E82-8AC1-45DD75752FBF}.Release RedM|x64.ActiveCfg = Release|x64
		{5C99C041-F67E-4E82-8AC1-45DD75752FBF}.Release RedM|x64.Build.0 = Release|x64
		{5C99C041-F67E-4E82-8AC1-45DD75752FBF}.Release|Any CPU.ActiveCfg = Release|Any CPU
		{5C99C041-F67E-4E82-8AC1-45DD75752FBF}.Release|Any CPU.Build.0 = Release|Any CPU
		{5C99C041-F67E-4E82-8AC1-45DD75752FBF}.Release|x64.ActiveCfg = Release|x64
		{5C99C041-F67E-4E82-8AC1-45DD75752FBF}.Release|x64.Build.0 = Release|x64
		{A9ECEC5A-8353-40B0-ADDC-E1DC1D8C024E}.Debug FiveM|Any CPU.ActiveCfg = Debug|Any CPU
		{A9ECEC5A-8353-40B0-ADDC-E1DC1D8C024E}.Debug FiveM|Any CPU.Build.0 = Debug|Any CPU
		{A9ECEC5A-8353-40B0-ADDC-E1DC1D8C024E}.Debug FiveM|x64.ActiveCfg = Debug|Any CPU
		{A9ECEC5A-8353-40B0-ADDC-E1DC1D8C024E}.Debug FiveM|x64.Build.0 = Debug|Any CPU
		{A9ECEC5A-8353-40B0-ADDC-E1DC1D8C024E}.Debug RedM|Any CPU.ActiveCfg = Debug|Any CPU
		{A9ECEC5A-8353-40B0-ADDC-E1DC1D8C024E}.Debug RedM|Any CPU.Build.0 = Debug|Any CPU
		{A9ECEC5A-8353-40B0-ADDC-E1DC1D8C024E}.Debug RedM|x64.ActiveCfg = Debug|Any CPU
		{A9ECEC5A-8353-40B0-ADDC-E1DC1D8C024E}.Debug RedM|x64.Build.0 = Debug|Any CPU
		{A9ECEC5A-8353-40B0-ADDC-E1DC1D8C024E}.Debug|Any CPU.ActiveCfg = Debug|Any CPU
		{A9ECEC5A-8353-40B0-ADDC-E1DC1D8C024E}.Debug|Any CPU.Build.0 = Debug|Any CPU
		{A9ECEC5A-8353-40B0-ADDC-E1DC1D8C024E}.Debug|x64.ActiveCfg = Debug|Any CPU
		{A9ECEC5A-8353-40B0-ADDC-E1DC1D8C024E}.Debug|x64.Build.0 = Debug|Any CPU
		{A9ECEC5A-8353-40B0-ADDC-E1DC1D8C024E}.Release FiveM|Any CPU.ActiveCfg = Release|Any CPU
		{A9ECEC5A-8353-40B0-ADDC-E1DC1D8C024E}.Release FiveM|Any CPU.Build.0 = Release|Any CPU
		{A9ECEC5A-8353-40B0-ADDC-E1DC1D8C024E}.Release FiveM|x64.ActiveCfg = Release|Any CPU
		{A9ECEC5A-8353-40B0-ADDC-E1DC1D8C024E}.Release FiveM|x64.Build.0 = Release|Any CPU
		{A9ECEC5A-8353-40B0-ADDC-E1DC1D8C024E}.Release RedM|Any CPU.ActiveCfg = Release|Any CPU
		{A9ECEC5A-8353-40B0-ADDC-E1DC1D8C024E}.Release RedM|Any CPU.Build.0 = Release|Any CPU
		{A9ECEC5A-8353-40B0-ADDC-E1DC1D8C024E}.Release RedM|x64.ActiveCfg = Release|Any CPU
		{A9ECEC5A-8353-40B0-ADDC-E1DC1D8C024E}.Release RedM|x64.Build.0 = Release|Any CPU
		{A9ECEC5A-8353-40B0-ADDC-E1DC1D8C024E}.Release|Any CPU.ActiveCfg = Release|Any CPU
		{A9ECEC5A-8353-40B0-ADDC-E1DC1D8C024E}.Release|Any CPU.Build.0 = Release|Any CPU
		{A9ECEC5A-8353-40B0-ADDC-E1DC1D8C024E}.Release|x64.ActiveCfg = Release|Any CPU
		{A9ECEC5A-8353-40B0-ADDC-E1DC1D8C024E}.Release|x64.Build.0 = Release|Any CPU
		{D8C4E8F8-613F-4EBE-AB9A-D8CE6FBA4F29}.Debug FiveM|Any CPU.ActiveCfg = Debug|Any CPU
		{D8C4E8F8-613F-4EBE-AB9A-D8CE6FBA4F29}.Debug FiveM|Any CPU.Build.0 = Debug|Any CPU
		{D8C4E8F8-613F-4EBE-AB9A-D8CE6FBA4F29}.Debug FiveM|x64.ActiveCfg = Debug|Any CPU
		{D8C4E8F8-613F-4EBE-AB9A-D8CE6FBA4F29}.Debug FiveM|x64.Build.0 = Debug|Any CPU
		{D8C4E8F8-613F-4EBE-AB9A-D8CE6FBA4F29}.Debug RedM|Any CPU.ActiveCfg = Debug|Any CPU
		{D8C4E8F8-613F-4EBE-AB9A-D8CE6FBA4F29}.Debug RedM|Any CPU.Build.0 = Debug|Any CPU
		{D8C4E8F8-613F-4EBE-AB9A-D8CE6FBA4F29}.Debug RedM|x64.ActiveCfg = Debug|Any CPU
		{D8C4E8F8-613F-4EBE-AB9A-D8CE6FBA4F29}.Debug RedM|x64.Build.0 = Debug|Any CPU
		{D8C4E8F8-613F-4EBE-AB9A-D8CE6FBA4F29}.Debug|Any CPU.ActiveCfg = Debug|Any CPU
		{D8C4E8F8-613F-4EBE-AB9A-D8CE6FBA4F29}.Debug|Any CPU.Build.0 = Debug|Any CPU
		{D8C4E8F8-613F-4EBE-AB9A-D8CE6FBA4F29}.Debug|x64.ActiveCfg = Debug|Any CPU
		{D8C4E8F8-613F-4EBE-AB9A-D8CE6FBA4F29}.Debug|x64.Build.0 = Debug|Any CPU
		{D8C4E8F8-613F-4EBE-AB9A-D8CE6FBA4F29}.Release FiveM|Any CPU.ActiveCfg = Release|Any CPU
		{D8C4E8F8-613F-4EBE-AB9A-D8CE6FBA4F29}.Release FiveM|Any CPU.Build.0 = Release|Any CPU
		{D8C4E8F8-613F-4EBE-AB9A-D8CE6FBA4F29}.Release FiveM|x64.ActiveCfg = Release|Any CPU
		{D8C4E8F8-613F-4EBE-AB9A-D8CE6FBA4F29}.Release FiveM|x64.Build.0 = Release|Any CPU
		{D8C4E8F8-613F-4EBE-AB9A-D8CE6FBA4F29}.Release RedM|Any CPU.ActiveCfg = Release|Any CPU
		{D8C4E8F8-613F-4EBE-AB9A-D8CE6FBA4F29}.Release RedM|Any CPU.Build.0 = Release|Any CPU
		{D8C4E8F8-613F-4EBE-AB9A-D8CE6FBA4F29}.Release RedM|x64.ActiveCfg = Release|Any CPU
		{D8C4E8F8-613F-4EBE-AB9A-D8CE6FBA4F29}.Release RedM|x64.Build.0 = Release|Any CPU
		{D8C4E8F8-613F-4EBE-AB9A-D8CE6FBA4F29}.Release|Any CPU.ActiveCfg = Release|Any CPU
		{D8C4E8F8-613F-4EBE-AB9A-D8CE6FBA4F29}.Release|Any CPU.Build.0 = Release|Any CPU
		{D8C4E8F8-613F-4EBE-AB9A-D8CE6FBA4F29}.Release|x64.ActiveCfg = Release|Any CPU
		{D8C4E8F8-613F-4EBE-AB9A-D8CE6FBA4F29}.Release|x64.Build.0 = Release|Any CPU
		{DF7FBBB9-7D8B-4249-9F9F-C404DBB841BC}.Debug FiveM|Any CPU.ActiveCfg = Debug FiveM|Any CPU
		{DF7FBBB9-7D8B-4249-9F9F-C404DBB841BC}.Debug FiveM|Any CPU.Build.0 = Debug FiveM|Any CPU
		{DF7FBBB9-7D8B-4249-9F9F-C404DBB841BC}.Debug FiveM|x64.ActiveCfg = Debug FiveM|Any CPU
		{DF7FBBB9-7D8B-4249-9F9F-C404DBB841BC}.Debug FiveM|x64.Build.0 = Debug FiveM|Any CPU
		{DF7FBBB9-7D8B-4249-9F9F-C404DBB841BC}.Debug RedM|Any CPU.ActiveCfg = Debug RedM|Any CPU
		{DF7FBBB9-7D8B-4249-9F9F-C404DBB841BC}.Debug RedM|Any CPU.Build.0 = Debug RedM|Any CPU
		{DF7FBBB9-7D8B-4249-9F9F-C404DBB841BC}.Debug RedM|x64.ActiveCfg = Debug RedM|Any CPU
		{DF7FBBB9-7D8B-4249-9F9F-C404DBB841BC}.Debug RedM|x64.Build.0 = Debug RedM|Any CPU
		{DF7FBBB9-7D8B-4249-9F9F-C404DBB841BC}.Debug|Any CPU.ActiveCfg = Debug FiveM|Any CPU
		{DF7FBBB9-7D8B-4249-9F9F-C404DBB841BC}.Debug|Any CPU.Build.0 = Debug FiveM|Any CPU
		{DF7FBBB9-7D8B-4249-9F9F-C404DBB841BC}.Debug|x64.ActiveCfg = Debug FiveM|Any CPU
		{DF7FBBB9-7D8B-4249-9F9F-C404DBB841BC}.Debug|x64.Build.0 = Debug FiveM|Any CPU
		{DF7FBBB9-7D8B-4249-9F9F-C404DBB841BC}.Release FiveM|Any CPU.ActiveCfg = Release FiveM|Any CPU
		{DF7FBBB9-7D8B-4249-9F9F-C404DBB841BC}.Release FiveM|Any CPU.Build.0 = Release FiveM|Any CPU
		{DF7FBBB9-7D8B-4249-9F9F-C404DBB841BC}.Release FiveM|x64.ActiveCfg = Release FiveM|Any CPU
		{DF7FBBB9-7D8B-4249-9F9F-C404DBB841BC}.Release FiveM|x64.Build.0 = Release FiveM|Any CPU
		{DF7FBBB9-7D8B-4249-9F9F-C404DBB841BC}.Release RedM|Any CPU.ActiveCfg = Release RedM|Any CPU
		{DF7FBBB9-7D8B-4249-9F9F-C404DBB841BC}.Release RedM|Any CPU.Build.0 = Release RedM|Any CPU
		{DF7FBBB9-7D8B-4249-9F9F-C404DBB841BC}.Release RedM|x64.ActiveCfg = Release RedM|Any CPU
		{DF7FBBB9-7D8B-4249-9F9F-C404DBB841BC}.Release RedM|x64.Build.0 = Release RedM|Any CPU
		{DF7FBBB9-7D8B-4249-9F9F-C404DBB841BC}.Release|Any CPU.ActiveCfg = Release RedM|Any CPU
		{DF7FBBB9-7D8B-4249-9F9F-C404DBB841BC}.Release|Any CPU.Build.0 = Release RedM|Any CPU
		{DF7FBBB9-7D8B-4249-9F9F-C404DBB841BC}.Release|x64.ActiveCfg = Release RedM|Any CPU
		{DF7FBBB9-7D8B-4249-9F9F-C404DBB841BC}.Release|x64.Build.0 = Release RedM|Any CPU
	EndGlobalSection
	GlobalSection(SolutionProperties) = preSolution
		HideSolutionNode = FALSE
	EndGlobalSection
	GlobalSection(ExtensibilityGlobals) = postSolution
		SolutionGuid = {D9B005D7-947F-4677-9A82-5E0A8C8A0235}
	EndGlobalSection
EndGlobal
